
Microsoft Visual Studio Solution File, Format Version 12.00
# Visual Studio Version 17
VisualStudioVersion = 17.7.34221.43
MinimumVisualStudioVersion = 10.0.40219.1
Project("{9A19103F-16F7-4668-BE54-9A1E7A4F7556}") = "MoneyStatistic", "MoneyStatistic\MoneyStatistic.csproj", "{82D0D750-34E5-4E35-8269-03F2BE9755D0}"
EndProject
Project("{9A19103F-16F7-4668-BE54-9A1E7A4F7556}") = "MoneyManagerService", "MoneyManagerService\MoneyManagerService.csproj", "{41718030-16EF-4D8A-BC5A-FA826777E85A}"
	ProjectSection(ProjectDependencies) = postProject
		{2811D1F0-9167-40B2-8F1D-1F09008B103A} = {2811D1F0-9167-40B2-8F1D-1F09008B103A}
	EndProjectSection
EndProject
Project("{9A19103F-16F7-4668-BE54-9A1E7A4F7556}") = "Models", "Models\Models.csproj", "{2811D1F0-9167-40B2-8F1D-1F09008B103A}"
EndProject
Project("{9A19103F-16F7-4668-BE54-9A1E7A4F7556}") = "MoneyManagerServer", "MoneyManagerServer\MoneyManagerServer.csproj", "{DFCE378F-7096-4162-B282-353AA26015B2}"
EndProject
Project("{54A90642-561A-4BB1-A94E-469ADEE60C69}") = "moneymanagerreactnative", "MoneyManagerReactNative\moneymanagerreactnative.esproj", "{39B42003-F23E-4082-A0F1-A3AEF7BA60B0}"
EndProject
Global
	GlobalSection(SolutionConfigurationPlatforms) = preSolution
		Debug|Any CPU = Debug|Any CPU
		Release|Any CPU = Release|Any CPU
	EndGlobalSection
	GlobalSection(ProjectConfigurationPlatforms) = postSolution
		{82D0D750-34E5-4E35-8269-03F2BE9755D0}.Debug|Any CPU.ActiveCfg = Debug|Any CPU
		{82D0D750-34E5-4E35-8269-03F2BE9755D0}.Debug|Any CPU.Build.0 = Debug|Any CPU
		{82D0D750-34E5-4E35-8269-03F2BE9755D0}.Debug|Any CPU.Deploy.0 = Debug|Any CPU
		{82D0D750-34E5-4E35-8269-03F2BE9755D0}.Release|Any CPU.ActiveCfg = Release|Any CPU
		{82D0D750-34E5-4E35-8269-03F2BE9755D0}.Release|Any CPU.Build.0 = Release|Any CPU
		{82D0D750-34E5-4E35-8269-03F2BE9755D0}.Release|Any CPU.Deploy.0 = Release|Any CPU
		{41718030-16EF-4D8A-BC5A-FA826777E85A}.Debug|Any CPU.ActiveCfg = Debug|Any CPU
		{41718030-16EF-4D8A-BC5A-FA826777E85A}.Debug|Any CPU.Build.0 = Debug|Any CPU
		{41718030-16EF-4D8A-BC5A-FA826777E85A}.Release|Any CPU.ActiveCfg = Release|Any CPU
		{41718030-16EF-4D8A-BC5A-FA826777E85A}.Release|Any CPU.Build.0 = Release|Any CPU
		{2811D1F0-9167-40B2-8F1D-1F09008B103A}.Debug|Any CPU.ActiveCfg = Debug|Any CPU
		{2811D1F0-9167-40B2-8F1D-1F09008B103A}.Debug|Any CPU.Build.0 = Debug|Any CPU
		{2811D1F0-9167-40B2-8F1D-1F09008B103A}.Release|Any CPU.ActiveCfg = Release|Any CPU
		{2811D1F0-9167-40B2-8F1D-1F09008B103A}.Release|Any CPU.Build.0 = Release|Any CPU
		{DFCE378F-7096-4162-B282-353AA26015B2}.Debug|Any CPU.ActiveCfg = Debug|Any CPU
		{DFCE378F-7096-4162-B282-353AA26015B2}.Debug|Any CPU.Build.0 = Debug|Any CPU
		{DFCE378F-7096-4162-B282-353AA26015B2}.Release|Any CPU.ActiveCfg = Release|Any CPU
		{DFCE378F-7096-4162-B282-353AA26015B2}.Release|Any CPU.Build.0 = Release|Any CPU
		{39B42003-F23E-4082-A0F1-A3AEF7BA60B0}.Debug|Any CPU.ActiveCfg = Debug|Any CPU
		{39B42003-F23E-4082-A0F1-A3AEF7BA60B0}.Debug|Any CPU.Build.0 = Debug|Any CPU
		{39B42003-F23E-4082-A0F1-A3AEF7BA60B0}.Debug|Any CPU.Deploy.0 = Debug|Any CPU
		{39B42003-F23E-4082-A0F1-A3AEF7BA60B0}.Release|Any CPU.ActiveCfg = Release|Any CPU
		{39B42003-F23E-4082-A0F1-A3AEF7BA60B0}.Release|Any CPU.Build.0 = Release|Any CPU
		{39B42003-F23E-4082-A0F1-A3AEF7BA60B0}.Release|Any CPU.Deploy.0 = Release|Any CPU
	EndGlobalSection
	GlobalSection(SolutionProperties) = preSolution
		HideSolutionNode = FALSE
	EndGlobalSection
	GlobalSection(ExtensibilityGlobals) = postSolution
		SolutionGuid = {607A973C-B86C-4F21-A1D0-2179DB1D17CB}
	EndGlobalSection
EndGlobal
